
Microsoft Visual Studio Solution File, Format Version 12.00
# Visual Studio Version 17
VisualStudioVersion = 17.7.34031.279
MinimumVisualStudioVersion = 10.0.40219.1
Project("{FAE04EC0-301F-11D3-BF4B-00C04F79EFBC}") = "Pirates", "Pirates\Pirates.csproj", "{622C6600-6B4E-470D-8214-C7C5C0044563}"
EndProject
Global
	GlobalSection(SolutionConfigurationPlatforms) = preSolution
		Debug|Any CPU = Debug|Any CPU
		Release|Any CPU = Release|Any CPU
	EndGlobalSection
	GlobalSection(ProjectConfigurationPlatforms) = postSolution
		{622C6600-6B4E-470D-8214-C7C5C0044563}.Debug|Any CPU.ActiveCfg = Debug|Any CPU
		{622C6600-6B4E-470D-8214-C7C5C0044563}.Debug|Any CPU.Build.0 = Debug|Any CPU
		{622C6600-6B4E-470D-8214-C7C5C0044563}.Release|Any CPU.ActiveCfg = Release|Any CPU
		{622C6600-6B4E-470D-8214-C7C5C0044563}.Release|Any CPU.Build.0 = Release|Any CPU
	EndGlobalSection
	GlobalSection(SolutionProperties) = preSolution
		HideSolutionNode = FALSE
	EndGlobalSection
	GlobalSection(ExtensibilityGlobals) = postSolution
		SolutionGuid = {3ACE8963-083F-4349-8FEB-5363752951F8}
	EndGlobalSection
EndGlobal
